
Microsoft Visual Studio Solution File, Format Version 12.00
# Visual Studio Version 16
VisualStudioVersion = 16.0.31613.86
MinimumVisualStudioVersion = 10.0.40219.1
Project("{FAE04EC0-301F-11D3-BF4B-00C04F79EFBC}") = "FormPract1", "FormPract1\FormPract1.csproj", "{474CDE11-9A11-4507-90CD-2B4D44275775}"
EndProject
Global
	GlobalSection(SolutionConfigurationPlatforms) = preSolution
		Debug|Any CPU = Debug|Any CPU
		Release|Any CPU = Release|Any CPU
	EndGlobalSection
	GlobalSection(ProjectConfigurationPlatforms) = postSolution
		{474CDE11-9A11-4507-90CD-2B4D44275775}.Debug|Any CPU.ActiveCfg = Debug|Any CPU
		{474CDE11-9A11-4507-90CD-2B4D44275775}.Debug|Any CPU.Build.0 = Debug|Any CPU
		{474CDE11-9A11-4507-90CD-2B4D44275775}.Release|Any CPU.ActiveCfg = Release|Any CPU
		{474CDE11-9A11-4507-90CD-2B4D44275775}.Release|Any CPU.Build.0 = Release|Any CPU
	EndGlobalSection
	GlobalSection(SolutionProperties) = preSolution
		HideSolutionNode = FALSE
	EndGlobalSection
	GlobalSection(ExtensibilityGlobals) = postSolution
		SolutionGuid = {12F1692F-A83D-4063-B248-49507570B119}
	EndGlobalSection
EndGlobal
